PODS:
  - IYLoginItem (0.1)
  - KSGithubStatusAPI (0.2.2):
    - Reachability (~> 3.1.0)
  - Reachability (3.1.1)

DEPENDENCIES:
  - IYLoginItem (~> 0.1)
  - KSGithubStatusAPI (~> 0.2.2)

SPEC CHECKSUMS:
  IYLoginItem: dbdbc4636da5087b200f68456aa4367a1af35c1d
  KSGithubStatusAPI: 6275d07dec675c7016a60a88fff5eaa3a204fac2
  Reachability: 8e9635e3cb4f98e7f825e51147f677ecc694d0e7

COCOAPODS: 0.33.1
