PODS:
  - IYLoginItem (0.1)
  - KSGithubStatusAPI (0.2.3):
    - Reachability (~> 3.1.0)
  - Reachability (3.1.1)

DEPENDENCIES:
  - IYLoginItem (~> 0.1)
  - KSGithubStatusAPI (~> 0.2.2)

SPEC CHECKSUMS:
  IYLoginItem: dbdbc4636da5087b200f68456aa4367a1af35c1d
  KSGithubStatusAPI: 84e9d7090804c89a804553e4f4872e6405b8b724
  Reachability: 8e9635e3cb4f98e7f825e51147f677ecc694d0e7

COCOAPODS: 0.33.1
